
Microsoft Visual Studio Solution File, Format Version 12.00
# Visual Studio Version 16
VisualStudioVersion = 16.0.31112.23
MinimumVisualStudioVersion = 10.0.40219.1
Project("{FAE04EC0-301F-11D3-BF4B-00C04F79EFBC}") = "Lesson1", "Lesson1.csproj", "{DA86A775-6518-4B61-8067-AB02FADBEF3B}"
EndProject
Global
	GlobalSection(SolutionConfigurationPlatforms) = preSolution
		Debug|Any CPU = Debug|Any CPU
		Release|Any CPU = Release|Any CPU
	EndGlobalSection
	GlobalSection(ProjectConfigurationPlatforms) = postSolution
		{DA86A775-6518-4B61-8067-AB02FADBEF3B}.Debug|Any CPU.ActiveCfg = Debug|Any CPU
		{DA86A775-6518-4B61-8067-AB02FADBEF3B}.Debug|Any CPU.Build.0 = Debug|Any CPU
		{DA86A775-6518-4B61-8067-AB02FADBEF3B}.Release|Any CPU.ActiveCfg = Release|Any CPU
		{DA86A775-6518-4B61-8067-AB02FADBEF3B}.Release|Any CPU.Build.0 = Release|Any CPU
	EndGlobalSection
	GlobalSection(SolutionProperties) = preSolution
		HideSolutionNode = FALSE
	EndGlobalSection
	GlobalSection(ExtensibilityGlobals) = postSolution
		SolutionGuid = {9B4A7220-C595-477E-813B-45968E868E99}
	EndGlobalSection
EndGlobal
